<?xml version="1.0" encoding="utf-8"?>
<Project ToolsVersion="4.0" xmlns="http://schemas.microsoft.com/developer/msbuild/2003">
  <ItemGroup>
    <Filter Include="Source Files">
      <UniqueIdentifier>{97a6dd7b-f35c-4526-b848-2c182b8c7ee3}</UniqueIdentifier>
      <Extensions>cpp;c;cxx;rc;def;r;odl;idl;hpj;bat</Extensions>
    </Filter>
    <Filter Include="Header Files">
      <UniqueIdentifier>{935fc458-88e0-4bfd-8ea6-be4551d58c48}</UniqueIdentifier>
      <Extensions>h;hpp;hxx;hm;inl</Extensions>
    </Filter>
    <Filter Include="Maps">
      <UniqueIdentifier>{47755e86-6280-4077-9f01-5cf200dbb02a}</UniqueIdentifier>
    </Filter>
    <Filter Include="Items">
      <UniqueIdentifier>{755b2154-553e-4b8d-8e5a-60334b1f2b5a}</UniqueIdentifier>
    </Filter>
    <Filter Include="Protect">
      <UniqueIdentifier>{e18ef620-2510-49db-9ad1-d12f471d8cf6}</UniqueIdentifier>
    </Filter>
  </ItemGroup>
  <ItemGroup>
    <ClCompile Include="AntiHack\AntiHack.cpp">
      <Filter>Source Files</Filter>
    </ClCompile>
    <ClCompile Include="GUIConnect.cpp">
      <Filter>Source Files</Filter>
    </ClCompile>
    <ClCompile Include="StdAfx.cpp">
      <Filter>Source Files</Filter>
    </ClCompile>
    <ClCompile Include="TitanAddOn.cpp">
      <Filter>Source Files</Filter>
    </ClCompile>
    <ClCompile Include="Map\3DCamera.cpp">
      <Filter>Maps</Filter>
    </ClCompile>
    <ClCompile Include="Map\MiniMap.cpp">
      <Filter>Maps</Filter>
    </ClCompile>
    <ClCompile Include="Items\Items.cpp">
      <Filter>Items</Filter>
    </ClCompile>
  </ItemGroup>
  <ItemGroup>
    <ClInclude Include="Headers\AntiHack.h">
      <Filter>Header Files</Filter>
    </ClInclude>
    <ClInclude Include="GUIConnect.h">
      <Filter>Header Files</Filter>
    </ClInclude>
    <ClInclude Include="Headers\Map.h">
      <Filter>Header Files</Filter>
    </ClInclude>
    <ClInclude Include="Offsets.h">
      <Filter>Header Files</Filter>
    </ClInclude>
    <ClInclude Include="Packets.h">
      <Filter>Header Files</Filter>
    </ClInclude>
    <ClInclude Include="Headers\Sky.h">
      <Filter>Header Files</Filter>
    </ClInclude>
    <ClInclude Include="TitanAddOn.h">
      <Filter>Header Files</Filter>
    </ClInclude>
    <ClInclude Include="Utils.h">
      <Filter>Header Files</Filter>
    </ClInclude>
    <ClInclude Include="Protect\winlicensesdk.h">
      <Filter>Protect</Filter>
    </ClInclude>
    <ClInclude Include="StdAfx.h">
      <Filter>Header Files</Filter>
    </ClInclude>
  </ItemGroup>
  <ItemGroup>
    <None Include="TitanAddOn.def">
      <Filter>Header Files</Filter>
    </None>
  </ItemGroup>
</Project>