
Microsoft Visual Studio Solution File, Format Version 11.00
# Visual Studio 2010
Project("{8BC9CEB8-8B4A-11D0-8D11-00A0C91BC942}") = "TitanGuiEngine", "SCFMain2\SCFMain2.vcxproj", "{BC327C9A-C2E3-44DD-B49F-04B33E9D4AF8}"
EndProject
Global
	GlobalSection(SolutionConfigurationPlatforms) = preSolution
		Debug|Win32 = Debug|Win32
		Release|Win32 = Release|Win32
	EndGlobalSection
	GlobalSection(ProjectConfigurationPlatforms) = postSolution
		{BC327C9A-C2E3-44DD-B49F-04B33E9D4AF8}.Debug|Win32.ActiveCfg = Debug|Win32
		{BC327C9A-C2E3-44DD-B49F-04B33E9D4AF8}.Debug|Win32.Build.0 = Debug|Win32
		{BC327C9A-C2E3-44DD-B49F-04B33E9D4AF8}.Release|Win32.ActiveCfg = Release|Win32
		{BC327C9A-C2E3-44DD-B49F-04B33E9D4AF8}.Release|Win32.Build.0 = Release|Win32
	EndGlobalSection
	GlobalSection(SolutionProperties) = preSolution
		HideSolutionNode = FALSE
	EndGlobalSection
EndGlobal
